
Microsoft Visual Studio Solution File, Format Version 12.00
# Visual Studio 15
VisualStudioVersion = 15.0.27703.2035
MinimumVisualStudioVersion = 10.0.40219.1
Project("{FAE04EC0-301F-11D3-BF4B-00C04F79EFBC}") = "OCloud", "OCloud\OCloud.csproj", "{5877DEF7-94B0-4D65-A383-12EF561C7CF8}"
EndProject
Project("{FAE04EC0-301F-11D3-BF4B-00C04F79EFBC}") = "OCloud.Tests", "..\Tests\OCloud.Tests\OCloud.Tests.csproj", "{CAF062D9-70E3-4D79-A924-30E356A9CE52}"
EndProject
Global
	GlobalSection(SolutionConfigurationPlatforms) = preSolution
		Debug|Any CPU = Debug|Any CPU
		Release|Any CPU = Release|Any CPU
	EndGlobalSection
	GlobalSection(ProjectConfigurationPlatforms) = postSolution
		{5877DEF7-94B0-4D65-A383-12EF561C7CF8}.Debug|Any CPU.ActiveCfg = Debug|Any CPU
		{5877DEF7-94B0-4D65-A383-12EF561C7CF8}.Debug|Any CPU.Build.0 = Debug|Any CPU
		{5877DEF7-94B0-4D65-A383-12EF561C7CF8}.Release|Any CPU.ActiveCfg = Release|Any CPU
		{5877DEF7-94B0-4D65-A383-12EF561C7CF8}.Release|Any CPU.Build.0 = Release|Any CPU
		{CAF062D9-70E3-4D79-A924-30E356A9CE52}.Debug|Any CPU.ActiveCfg = Debug|Any CPU
		{CAF062D9-70E3-4D79-A924-30E356A9CE52}.Debug|Any CPU.Build.0 = Debug|Any CPU
		{CAF062D9-70E3-4D79-A924-30E356A9CE52}.Release|Any CPU.ActiveCfg = Release|Any CPU
		{CAF062D9-70E3-4D79-A924-30E356A9CE52}.Release|Any CPU.Build.0 = Release|Any CPU
	EndGlobalSection
	GlobalSection(SolutionProperties) = preSolution
		HideSolutionNode = FALSE
	EndGlobalSection
	GlobalSection(ExtensibilityGlobals) = postSolution
		SolutionGuid = {FD77AB89-4158-44E7-9336-9F451E97E0E8}
	EndGlobalSection
EndGlobal
